
Microsoft Visual Studio Solution File, Format Version 12.00
# Visual Studio Version 17
VisualStudioVersion = 17.5.002.0
MinimumVisualStudioVersion = 10.0.40219.1
Project("{9A19103F-16F7-4668-BE54-9A1E7A4F7556}") = "DataLayer", "DataLayer\DataLayer.csproj", "{42111EAC-550E-4D1D-99C5-5242DE9C058C}"
EndProject
Project("{9A19103F-16F7-4668-BE54-9A1E7A4F7556}") = "WebServer", "WebServer\WebServer.csproj", "{861C1CE7-7791-4EEF-9549-9597A951E179}"
EndProject
Global
	GlobalSection(SolutionConfigurationPlatforms) = preSolution
		Debug|Any CPU = Debug|Any CPU
		Release|Any CPU = Release|Any CPU
	EndGlobalSection
	GlobalSection(ProjectConfigurationPlatforms) = postSolution
		{42111EAC-550E-4D1D-99C5-5242DE9C058C}.Debug|Any CPU.ActiveCfg = Debug|Any CPU
		{42111EAC-550E-4D1D-99C5-5242DE9C058C}.Debug|Any CPU.Build.0 = Debug|Any CPU
		{42111EAC-550E-4D1D-99C5-5242DE9C058C}.Release|Any CPU.ActiveCfg = Release|Any CPU
		{42111EAC-550E-4D1D-99C5-5242DE9C058C}.Release|Any CPU.Build.0 = Release|Any CPU
		{861C1CE7-7791-4EEF-9549-9597A951E179}.Debug|Any CPU.ActiveCfg = Debug|Any CPU
		{861C1CE7-7791-4EEF-9549-9597A951E179}.Debug|Any CPU.Build.0 = Debug|Any CPU
		{861C1CE7-7791-4EEF-9549-9597A951E179}.Release|Any CPU.ActiveCfg = Release|Any CPU
		{861C1CE7-7791-4EEF-9549-9597A951E179}.Release|Any CPU.Build.0 = Release|Any CPU
	EndGlobalSection
	GlobalSection(SolutionProperties) = preSolution
		HideSolutionNode = FALSE
	EndGlobalSection
	GlobalSection(ExtensibilityGlobals) = postSolution
		SolutionGuid = {D99FF590-A85B-4FFE-A772-D8F04EDD9DBB}
	EndGlobalSection
EndGlobal
